
Microsoft Visual Studio Solution File, Format Version 12.00
# Visual Studio Version 17
VisualStudioVersion = 17.9.34701.34
MinimumVisualStudioVersion = 10.0.40219.1
Project("{8BC9CEB8-8B4A-11D0-8D11-00A0C91BC942}") = "Day1", "Day1\Day1.vcxproj", "{F01E3DC5-C2B6-4E6C-994F-133B4A20FFD8}"
EndProject
Project("{8BC9CEB8-8B4A-11D0-8D11-00A0C91BC942}") = "Day2", "Day2\Day2.vcxproj", "{36ADBE72-7ECA-4A2B-AD16-455776393D7A}"
EndProject
Project("{8BC9CEB8-8B4A-11D0-8D11-00A0C91BC942}") = "Day3", "Day3\Day3.vcxproj", "{75274354-EED4-4DF2-AA12-DF28FB9A1273}"
EndProject
Project("{8BC9CEB8-8B4A-11D0-8D11-00A0C91BC942}") = "Day4", "Day4\Day4.vcxproj", "{D86D5A26-0A47-4B78-A2A7-78A4DFF8B352}"
EndProject
Project("{8BC9CEB8-8B4A-11D0-8D11-00A0C91BC942}") = "Day5", "Day5\Day5.vcxproj", "{1B50FE69-F8C5-41F9-9B74-9EEC421DC050}"
EndProject
Project("{8BC9CEB8-8B4A-11D0-8D11-00A0C91BC942}") = "Day6", "Day6\Day6.vcxproj", "{4FAD3B3E-5B4B-416E-B9E4-18E948D1B4FE}"
EndProject
Project("{2150E333-8FDC-42A3-9474-1A3956D46DE8}") = "解决方案项", "解决方案项", "{FDAD31E3-35A7-4038-983C-201A6E9C59BD}"
	ProjectSection(SolutionItems) = preProject
		README.md = README.md
	EndProjectSection
EndProject
Project("{8BC9CEB8-8B4A-11D0-8D11-00A0C91BC942}") = "Day7", "Day7\Day7.vcxproj", "{3A557F01-79E6-4431-9905-F628208506B4}"
EndProject
Project("{8BC9CEB8-8B4A-11D0-8D11-00A0C91BC942}") = "Day8", "Day8\Day8.vcxproj", "{614E5059-4D08-43DB-9EEA-7D28A80E9A1A}"
EndProject
Global
	GlobalSection(SolutionConfigurationPlatforms) = preSolution
		Debug|ARM = Debug|ARM
		Debug|ARM64 = Debug|ARM64
		Debug|x64 = Debug|x64
		Debug|x86 = Debug|x86
		Release|ARM = Release|ARM
		Release|ARM64 = Release|ARM64
		Release|x64 = Release|x64
		Release|x86 = Release|x86
	EndGlobalSection
	GlobalSection(ProjectConfigurationPlatforms) = postSolution
		{F01E3DC5-C2B6-4E6C-994F-133B4A20FFD8}.Debug|ARM.ActiveCfg = Debug|ARM
		{F01E3DC5-C2B6-4E6C-994F-133B4A20FFD8}.Debug|ARM.Build.0 = Debug|ARM
		{F01E3DC5-C2B6-4E6C-994F-133B4A20FFD8}.Debug|ARM.Deploy.0 = Debug|ARM
		{F01E3DC5-C2B6-4E6C-994F-133B4A20FFD8}.Debug|ARM64.ActiveCfg = Debug|ARM64
		{F01E3DC5-C2B6-4E6C-994F-133B4A20FFD8}.Debug|ARM64.Build.0 = Debug|ARM64
		{F01E3DC5-C2B6-4E6C-994F-133B4A20FFD8}.Debug|ARM64.Deploy.0 = Debug|ARM64
		{F01E3DC5-C2B6-4E6C-994F-133B4A20FFD8}.Debug|x64.ActiveCfg = Debug|x64
		{F01E3DC5-C2B6-4E6C-994F-133B4A20FFD8}.Debug|x64.Build.0 = Debug|x64
		{F01E3DC5-C2B6-4E6C-994F-133B4A20FFD8}.Debug|x64.Deploy.0 = Debug|x64
		{F01E3DC5-C2B6-4E6C-994F-133B4A20FFD8}.Debug|x86.ActiveCfg = Debug|x86
		{F01E3DC5-C2B6-4E6C-994F-133B4A20FFD8}.Debug|x86.Build.0 = Debug|x86
		{F01E3DC5-C2B6-4E6C-994F-133B4A20FFD8}.Debug|x86.Deploy.0 = Debug|x86
		{F01E3DC5-C2B6-4E6C-994F-133B4A20FFD8}.Release|ARM.ActiveCfg = Release|ARM
		{F01E3DC5-C2B6-4E6C-994F-133B4A20FFD8}.Release|ARM.Build.0 = Release|ARM
		{F01E3DC5-C2B6-4E6C-994F-133B4A20FFD8}.Release|ARM.Deploy.0 = Release|ARM
		{F01E3DC5-C2B6-4E6C-994F-133B4A20FFD8}.Release|ARM64.ActiveCfg = Release|ARM64
		{F01E3DC5-C2B6-4E6C-994F-133B4A20FFD8}.Release|ARM64.Build.0 = Release|ARM64
		{F01E3DC5-C2B6-4E6C-994F-133B4A20FFD8}.Release|ARM64.Deploy.0 = Release|ARM64
		{F01E3DC5-C2B6-4E6C-994F-133B4A20FFD8}.Release|x64.ActiveCfg = Release|x64
		{F01E3DC5-C2B6-4E6C-994F-133B4A20FFD8}.Release|x64.Build.0 = Release|x64
		{F01E3DC5-C2B6-4E6C-994F-133B4A20FFD8}.Release|x64.Deploy.0 = Release|x64
		{F01E3DC5-C2B6-4E6C-994F-133B4A20FFD8}.Release|x86.ActiveCfg = Release|x86
		{F01E3DC5-C2B6-4E6C-994F-133B4A20FFD8}.Release|x86.Build.0 = Release|x86
		{F01E3DC5-C2B6-4E6C-994F-133B4A20FFD8}.Release|x86.Deploy.0 = Release|x86
		{36ADBE72-7ECA-4A2B-AD16-455776393D7A}.Debug|ARM.ActiveCfg = Debug|ARM
		{36ADBE72-7ECA-4A2B-AD16-455776393D7A}.Debug|ARM.Build.0 = Debug|ARM
		{36ADBE72-7ECA-4A2B-AD16-455776393D7A}.Debug|ARM.Deploy.0 = Debug|ARM
		{36ADBE72-7ECA-4A2B-AD16-455776393D7A}.Debug|ARM64.ActiveCfg = Debug|ARM64
		{36ADBE72-7ECA-4A2B-AD16-455776393D7A}.Debug|ARM64.Build.0 = Debug|ARM64
		{36ADBE72-7ECA-4A2B-AD16-455776393D7A}.Debug|ARM64.Deploy.0 = Debug|ARM64
		{36ADBE72-7ECA-4A2B-AD16-455776393D7A}.Debug|x64.ActiveCfg = Debug|x64
		{36ADBE72-7ECA-4A2B-AD16-455776393D7A}.Debug|x64.Build.0 = Debug|x64
		{36ADBE72-7ECA-4A2B-AD16-455776393D7A}.Debug|x64.Deploy.0 = Debug|x64
		{36ADBE72-7ECA-4A2B-AD16-455776393D7A}.Debug|x86.ActiveCfg = Debug|x86
		{36ADBE72-7ECA-4A2B-AD16-455776393D7A}.Debug|x86.Build.0 = Debug|x86
		{36ADBE72-7ECA-4A2B-AD16-455776393D7A}.Debug|x86.Deploy.0 = Debug|x86
		{36ADBE72-7ECA-4A2B-AD16-455776393D7A}.Release|ARM.ActiveCfg = Release|ARM
		{36ADBE72-7ECA-4A2B-AD16-455776393D7A}.Release|ARM.Build.0 = Release|ARM
		{36ADBE72-7ECA-4A2B-AD16-455776393D7A}.Release|ARM.Deploy.0 = Release|ARM
		{36ADBE72-7ECA-4A2B-AD16-455776393D7A}.Release|ARM64.ActiveCfg = Release|ARM64
		{36ADBE72-7ECA-4A2B-AD16-455776393D7A}.Release|ARM64.Build.0 = Release|ARM64
		{36ADBE72-7ECA-4A2B-AD16-455776393D7A}.Release|ARM64.Deploy.0 = Release|ARM64
		{36ADBE72-7ECA-4A2B-AD16-455776393D7A}.Release|x64.ActiveCfg = Release|x64
		{36ADBE72-7ECA-4A2B-AD16-455776393D7A}.Release|x64.Build.0 = Release|x64
		{36ADBE72-7ECA-4A2B-AD16-455776393D7A}.Release|x64.Deploy.0 = Release|x64
		{36ADBE72-7ECA-4A2B-AD16-455776393D7A}.Release|x86.ActiveCfg = Release|x86
		{36ADBE72-7ECA-4A2B-AD16-455776393D7A}.Release|x86.Build.0 = Release|x86
		{36ADBE72-7ECA-4A2B-AD16-455776393D7A}.Release|x86.Deploy.0 = Release|x86
		{75274354-EED4-4DF2-AA12-DF28FB9A1273}.Debug|ARM.ActiveCfg = Debug|ARM
		{75274354-EED4-4DF2-AA12-DF28FB9A1273}.Debug|ARM.Build.0 = Debug|ARM
		{75274354-EED4-4DF2-AA12-DF28FB9A1273}.Debug|ARM.Deploy.0 = Debug|ARM
		{75274354-EED4-4DF2-AA12-DF28FB9A1273}.Debug|ARM64.ActiveCfg = Debug|ARM64
		{75274354-EED4-4DF2-AA12-DF28FB9A1273}.Debug|ARM64.Build.0 = Debug|ARM64
		{75274354-EED4-4DF2-AA12-DF28FB9A1273}.Debug|ARM64.Deploy.0 = Debug|ARM64
		{75274354-EED4-4DF2-AA12-DF28FB9A1273}.Debug|x64.ActiveCfg = Debug|x64
		{75274354-EED4-4DF2-AA12-DF28FB9A1273}.Debug|x64.Build.0 = Debug|x64
		{75274354-EED4-4DF2-AA12-DF28FB9A1273}.Debug|x64.Deploy.0 = Debug|x64
		{75274354-EED4-4DF2-AA12-DF28FB9A1273}.Debug|x86.ActiveCfg = Debug|x86
		{75274354-EED4-4DF2-AA12-DF28FB9A1273}.Debug|x86.Build.0 = Debug|x86
		{75274354-EED4-4DF2-AA12-DF28FB9A1273}.Debug|x86.Deploy.0 = Debug|x86
		{75274354-EED4-4DF2-AA12-DF28FB9A1273}.Release|ARM.ActiveCfg = Release|ARM
		{75274354-EED4-4DF2-AA12-DF28FB9A1273}.Release|ARM.Build.0 = Release|ARM
		{75274354-EED4-4DF2-AA12-DF28FB9A1273}.Release|ARM.Deploy.0 = Release|ARM
		{75274354-EED4-4DF2-AA12-DF28FB9A1273}.Release|ARM64.ActiveCfg = Release|ARM64
		{75274354-EED4-4DF2-AA12-DF28FB9A1273}.Release|ARM64.Build.0 = Release|ARM64
		{75274354-EED4-4DF2-AA12-DF28FB9A1273}.Release|ARM64.Deploy.0 = Release|ARM64
		{75274354-EED4-4DF2-AA12-DF28FB9A1273}.Release|x64.ActiveCfg = Release|x64
		{75274354-EED4-4DF2-AA12-DF28FB9A1273}.Release|x64.Build.0 = Release|x64
		{75274354-EED4-4DF2-AA12-DF28FB9A1273}.Release|x64.Deploy.0 = Release|x64
		{75274354-EED4-4DF2-AA12-DF28FB9A1273}.Release|x86.ActiveCfg = Release|x86
		{75274354-EED4-4DF2-AA12-DF28FB9A1273}.Release|x86.Build.0 = Release|x86
		{75274354-EED4-4DF2-AA12-DF28FB9A1273}.Release|x86.Deploy.0 = Release|x86
		{D86D5A26-0A47-4B78-A2A7-78A4DFF8B352}.Debug|ARM.ActiveCfg = Debug|ARM
		{D86D5A26-0A47-4B78-A2A7-78A4DFF8B352}.Debug|ARM.Build.0 = Debug|ARM
		{D86D5A26-0A47-4B78-A2A7-78A4DFF8B352}.Debug|ARM.Deploy.0 = Debug|ARM
		{D86D5A26-0A47-4B78-A2A7-78A4DFF8B352}.Debug|ARM64.ActiveCfg = Debug|ARM64
		{D86D5A26-0A47-4B78-A2A7-78A4DFF8B352}.Debug|ARM64.Build.0 = Debug|ARM64
		{D86D5A26-0A47-4B78-A2A7-78A4DFF8B352}.Debug|ARM64.Deploy.0 = Debug|ARM64
		{D86D5A26-0A47-4B78-A2A7-78A4DFF8B352}.Debug|x64.ActiveCfg = Debug|x64
		{D86D5A26-0A47-4B78-A2A7-78A4DFF8B352}.Debug|x64.Build.0 = Debug|x64
		{D86D5A26-0A47-4B78-A2A7-78A4DFF8B352}.Debug|x64.Deploy.0 = Debug|x64
		{D86D5A26-0A47-4B78-A2A7-78A4DFF8B352}.Debug|x86.ActiveCfg = Debug|x86
		{D86D5A26-0A47-4B78-A2A7-78A4DFF8B352}.Debug|x86.Build.0 = Debug|x86
		{D86D5A26-0A47-4B78-A2A7-78A4DFF8B352}.Debug|x86.Deploy.0 = Debug|x86
		{D86D5A26-0A47-4B78-A2A7-78A4DFF8B352}.Release|ARM.ActiveCfg = Release|ARM
		{D86D5A26-0A47-4B78-A2A7-78A4DFF8B352}.Release|ARM.Build.0 = Release|ARM
		{D86D5A26-0A47-4B78-A2A7-78A4DFF8B352}.Release|ARM.Deploy.0 = Release|ARM
		{D86D5A26-0A47-4B78-A2A7-78A4DFF8B352}.Release|ARM64.ActiveCfg = Release|ARM64
		{D86D5A26-0A47-4B78-A2A7-78A4DFF8B352}.Release|ARM64.Build.0 = Release|ARM64
		{D86D5A26-0A47-4B78-A2A7-78A4DFF8B352}.Release|ARM64.Deploy.0 = Release|ARM64
		{D86D5A26-0A47-4B78-A2A7-78A4DFF8B352}.Release|x64.ActiveCfg = Release|x64
		{D86D5A26-0A47-4B78-A2A7-78A4DFF8B352}.Release|x64.Build.0 = Release|x64
		{D86D5A26-0A47-4B78-A2A7-78A4DFF8B352}.Release|x64.Deploy.0 = Release|x64
		{D86D5A26-0A47-4B78-A2A7-78A4DFF8B352}.Release|x86.ActiveCfg = Release|x86
		{D86D5A26-0A47-4B78-A2A7-78A4DFF8B352}.Release|x86.Build.0 = Release|x86
		{D86D5A26-0A47-4B78-A2A7-78A4DFF8B352}.Release|x86.Deploy.0 = Release|x86
		{1B50FE69-F8C5-41F9-9B74-9EEC421DC050}.Debug|ARM.ActiveCfg = Debug|ARM
		{1B50FE69-F8C5-41F9-9B74-9EEC421DC050}.Debug|ARM.Build.0 = Debug|ARM
		{1B50FE69-F8C5-41F9-9B74-9EEC421DC050}.Debug|ARM.Deploy.0 = Debug|ARM
		{1B50FE69-F8C5-41F9-9B74-9EEC421DC050}.Debug|ARM64.ActiveCfg = Debug|ARM64
		{1B50FE69-F8C5-41F9-9B74-9EEC421DC050}.Debug|ARM64.Build.0 = Debug|ARM64
		{1B50FE69-F8C5-41F9-9B74-9EEC421DC050}.Debug|ARM64.Deploy.0 = Debug|ARM64
		{1B50FE69-F8C5-41F9-9B74-9EEC421DC050}.Debug|x64.ActiveCfg = Debug|x64
		{1B50FE69-F8C5-41F9-9B74-9EEC421DC050}.Debug|x64.Build.0 = Debug|x64
		{1B50FE69-F8C5-41F9-9B74-9EEC421DC050}.Debug|x64.Deploy.0 = Debug|x64
		{1B50FE69-F8C5-41F9-9B74-9EEC421DC050}.Debug|x86.ActiveCfg = Debug|x86
		{1B50FE69-F8C5-41F9-9B74-9EEC421DC050}.Debug|x86.Build.0 = Debug|x86
		{1B50FE69-F8C5-41F9-9B74-9EEC421DC050}.Debug|x86.Deploy.0 = Debug|x86
		{1B50FE69-F8C5-41F9-9B74-9EEC421DC050}.Release|ARM.ActiveCfg = Release|ARM
		{1B50FE69-F8C5-41F9-9B74-9EEC421DC050}.Release|ARM.Build.0 = Release|ARM
		{1B50FE69-F8C5-41F9-9B74-9EEC421DC050}.Release|ARM.Deploy.0 = Release|ARM
		{1B50FE69-F8C5-41F9-9B74-9EEC421DC050}.Release|ARM64.ActiveCfg = Release|ARM64
		{1B50FE69-F8C5-41F9-9B74-9EEC421DC050}.Release|ARM64.Build.0 = Release|ARM64
		{1B50FE69-F8C5-41F9-9B74-9EEC421DC050}.Release|ARM64.Deploy.0 = Release|ARM64
		{1B50FE69-F8C5-41F9-9B74-9EEC421DC050}.Release|x64.ActiveCfg = Release|x64
		{1B50FE69-F8C5-41F9-9B74-9EEC421DC050}.Release|x64.Build.0 = Release|x64
		{1B50FE69-F8C5-41F9-9B74-9EEC421DC050}.Release|x64.Deploy.0 = Release|x64
		{1B50FE69-F8C5-41F9-9B74-9EEC421DC050}.Release|x86.ActiveCfg = Release|x86
		{1B50FE69-F8C5-41F9-9B74-9EEC421DC050}.Release|x86.Build.0 = Release|x86
		{1B50FE69-F8C5-41F9-9B74-9EEC421DC050}.Release|x86.Deploy.0 = Release|x86
		{4FAD3B3E-5B4B-416E-B9E4-18E948D1B4FE}.Debug|ARM.ActiveCfg = Debug|ARM
		{4FAD3B3E-5B4B-416E-B9E4-18E948D1B4FE}.Debug|ARM.Build.0 = Debug|ARM
		{4FAD3B3E-5B4B-416E-B9E4-18E948D1B4FE}.Debug|ARM.Deploy.0 = Debug|ARM
		{4FAD3B3E-5B4B-416E-B9E4-18E948D1B4FE}.Debug|ARM64.ActiveCfg = Debug|ARM64
		{4FAD3B3E-5B4B-416E-B9E4-18E948D1B4FE}.Debug|ARM64.Build.0 = Debug|ARM64
		{4FAD3B3E-5B4B-416E-B9E4-18E948D1B4FE}.Debug|ARM64.Deploy.0 = Debug|ARM64
		{4FAD3B3E-5B4B-416E-B9E4-18E948D1B4FE}.Debug|x64.ActiveCfg = Debug|x64
		{4FAD3B3E-5B4B-416E-B9E4-18E948D1B4FE}.Debug|x64.Build.0 = Debug|x64
		{4FAD3B3E-5B4B-416E-B9E4-18E948D1B4FE}.Debug|x64.Deploy.0 = Debug|x64
		{4FAD3B3E-5B4B-416E-B9E4-18E948D1B4FE}.Debug|x86.ActiveCfg = Debug|x86
		{4FAD3B3E-5B4B-416E-B9E4-18E948D1B4FE}.Debug|x86.Build.0 = Debug|x86
		{4FAD3B3E-5B4B-416E-B9E4-18E948D1B4FE}.Debug|x86.Deploy.0 = Debug|x86
		{4FAD3B3E-5B4B-416E-B9E4-18E948D1B4FE}.Release|ARM.ActiveCfg = Release|ARM
		{4FAD3B3E-5B4B-416E-B9E4-18E948D1B4FE}.Release|ARM.Build.0 = Release|ARM
		{4FAD3B3E-5B4B-416E-B9E4-18E948D1B4FE}.Release|ARM.Deploy.0 = Release|ARM
		{4FAD3B3E-5B4B-416E-B9E4-18E948D1B4FE}.Release|ARM64.ActiveCfg = Release|ARM64
		{4FAD3B3E-5B4B-416E-B9E4-18E948D1B4FE}.Release|ARM64.Build.0 = Release|ARM64
		{4FAD3B3E-5B4B-416E-B9E4-18E948D1B4FE}.Release|ARM64.Deploy.0 = Release|ARM64
		{4FAD3B3E-5B4B-416E-B9E4-18E948D1B4FE}.Release|x64.ActiveCfg = Release|x64
		{4FAD3B3E-5B4B-416E-B9E4-18E948D1B4FE}.Release|x64.Build.0 = Release|x64
		{4FAD3B3E-5B4B-416E-B9E4-18E948D1B4FE}.Release|x64.Deploy.0 = Release|x64
		{4FAD3B3E-5B4B-416E-B9E4-18E948D1B4FE}.Release|x86.ActiveCfg = Release|x86
		{4FAD3B3E-5B4B-416E-B9E4-18E948D1B4FE}.Release|x86.Build.0 = Release|x86
		{4FAD3B3E-5B4B-416E-B9E4-18E948D1B4FE}.Release|x86.Deploy.0 = Release|x86
		{3A557F01-79E6-4431-9905-F628208506B4}.Debug|ARM.ActiveCfg = Debug|ARM
		{3A557F01-79E6-4431-9905-F628208506B4}.Debug|ARM.Build.0 = Debug|ARM
		{3A557F01-79E6-4431-9905-F628208506B4}.Debug|ARM.Deploy.0 = Debug|ARM
		{3A557F01-79E6-4431-9905-F628208506B4}.Debug|ARM64.ActiveCfg = Debug|ARM64
		{3A557F01-79E6-4431-9905-F628208506B4}.Debug|ARM64.Build.0 = Debug|ARM64
		{3A557F01-79E6-4431-9905-F628208506B4}.Debug|ARM64.Deploy.0 = Debug|ARM64
		{3A557F01-79E6-4431-9905-F628208506B4}.Debug|x64.ActiveCfg = Debug|x64
		{3A557F01-79E6-4431-9905-F628208506B4}.Debug|x64.Build.0 = Debug|x64
		{3A557F01-79E6-4431-9905-F628208506B4}.Debug|x64.Deploy.0 = Debug|x64
		{3A557F01-79E6-4431-9905-F628208506B4}.Debug|x86.ActiveCfg = Debug|x86
		{3A557F01-79E6-4431-9905-F628208506B4}.Debug|x86.Build.0 = Debug|x86
		{3A557F01-79E6-4431-9905-F628208506B4}.Debug|x86.Deploy.0 = Debug|x86
		{3A557F01-79E6-4431-9905-F628208506B4}.Release|ARM.ActiveCfg = Release|ARM
		{3A557F01-79E6-4431-9905-F628208506B4}.Release|ARM.Build.0 = Release|ARM
		{3A557F01-79E6-4431-9905-F628208506B4}.Release|ARM.Deploy.0 = Release|ARM
		{3A557F01-79E6-4431-9905-F628208506B4}.Release|ARM64.ActiveCfg = Release|ARM64
		{3A557F01-79E6-4431-9905-F628208506B4}.Release|ARM64.Build.0 = Release|ARM64
		{3A557F01-79E6-4431-9905-F628208506B4}.Release|ARM64.Deploy.0 = Release|ARM64
		{3A557F01-79E6-4431-9905-F628208506B4}.Release|x64.ActiveCfg = Release|x64
		{3A557F01-79E6-4431-9905-F628208506B4}.Release|x64.Build.0 = Release|x64
		{3A557F01-79E6-4431-9905-F628208506B4}.Release|x64.Deploy.0 = Release|x64
		{3A557F01-79E6-4431-9905-F628208506B4}.Release|x86.ActiveCfg = Release|x86
		{3A557F01-79E6-4431-9905-F628208506B4}.Release|x86.Build.0 = Release|x86
		{3A557F01-79E6-4431-9905-F628208506B4}.Release|x86.Deploy.0 = Release|x86
		{614E5059-4D08-43DB-9EEA-7D28A80E9A1A}.Debug|ARM.ActiveCfg = Debug|ARM
		{614E5059-4D08-43DB-9EEA-7D28A80E9A1A}.Debug|ARM.Build.0 = Debug|ARM
		{614E5059-4D08-43DB-9EEA-7D28A80E9A1A}.Debug|ARM.Deploy.0 = Debug|ARM
		{614E5059-4D08-43DB-9EEA-7D28A80E9A1A}.Debug|ARM64.ActiveCfg = Debug|ARM64
		{614E5059-4D08-43DB-9EEA-7D28A80E9A1A}.Debug|ARM64.Build.0 = Debug|ARM64
		{614E5059-4D08-43DB-9EEA-7D28A80E9A1A}.Debug|ARM64.Deploy.0 = Debug|ARM64
		{614E5059-4D08-43DB-9EEA-7D28A80E9A1A}.Debug|x64.ActiveCfg = Debug|x64
		{614E5059-4D08-43DB-9EEA-7D28A80E9A1A}.Debug|x64.Build.0 = Debug|x64
		{614E5059-4D08-43DB-9EEA-7D28A80E9A1A}.Debug|x64.Deploy.0 = Debug|x64
		{614E5059-4D08-43DB-9EEA-7D28A80E9A1A}.Debug|x86.ActiveCfg = Debug|x86
		{614E5059-4D08-43DB-9EEA-7D28A80E9A1A}.Debug|x86.Build.0 = Debug|x86
		{614E5059-4D08-43DB-9EEA-7D28A80E9A1A}.Debug|x86.Deploy.0 = Debug|x86
		{614E5059-4D08-43DB-9EEA-7D28A80E9A1A}.Release|ARM.ActiveCfg = Release|ARM
		{614E5059-4D08-43DB-9EEA-7D28A80E9A1A}.Release|ARM.Build.0 = Release|ARM
		{614E5059-4D08-43DB-9EEA-7D28A80E9A1A}.Release|ARM.Deploy.0 = Release|ARM
		{614E5059-4D08-43DB-9EEA-7D28A80E9A1A}.Release|ARM64.ActiveCfg = Release|ARM64
		{614E5059-4D08-43DB-9EEA-7D28A80E9A1A}.Release|ARM64.Build.0 = Release|ARM64
		{614E5059-4D08-43DB-9EEA-7D28A80E9A1A}.Release|ARM64.Deploy.0 = Release|ARM64
		{614E5059-4D08-43DB-9EEA-7D28A80E9A1A}.Release|x64.ActiveCfg = Release|x64
		{614E5059-4D08-43DB-9EEA-7D28A80E9A1A}.Release|x64.Build.0 = Release|x64
		{614E5059-4D08-43DB-9EEA-7D28A80E9A1A}.Release|x64.Deploy.0 = Release|x64
		{614E5059-4D08-43DB-9EEA-7D28A80E9A1A}.Release|x86.ActiveCfg = Release|x86
		{614E5059-4D08-43DB-9EEA-7D28A80E9A1A}.Release|x86.Build.0 = Release|x86
		{614E5059-4D08-43DB-9EEA-7D28A80E9A1A}.Release|x86.Deploy.0 = Release|x86
	EndGlobalSection
	GlobalSection(SolutionProperties) = preSolution
		HideSolutionNode = FALSE
	EndGlobalSection
	GlobalSection(ExtensibilityGlobals) = postSolution
		SolutionGuid = {5D712041-256D-467E-9D22-98DA5753B9FD}
	EndGlobalSection
EndGlobal
