<?xml version="1.0" encoding="utf-8"?>
<Project ToolsVersion="Current" xmlns="http://schemas.microsoft.com/developer/msbuild/2003">
  <ItemGroup>
    <ClCompile Include="src\Server.cpp" />
    <ClCompile Include="src\Channel.cpp" />
    <ClCompile Include="src\Epoll.cpp" />
    <ClCompile Include="src\EventLoop.cpp" />
    <ClCompile Include="src\InetAddress.cpp" />
    <ClCompile Include="src\Socket.cpp" />
    <ClCompile Include="src\util.cpp" />
    <ClCompile Include="server.cpp" />
    <ClCompile Include="client.cpp" />
  </ItemGroup>
  <ItemGroup>
    <ClInclude Include="src\Server.h" />
    <ClInclude Include="src\Channel.h" />
    <ClInclude Include="src\Epoll.h" />
    <ClInclude Include="src\EventLoop.h" />
    <ClInclude Include="src\InetAddress.h" />
    <ClInclude Include="src\Socket.h" />
    <ClInclude Include="src\util.h" />
  </ItemGroup>
  <ItemGroup>
    <Text Include="Makefile" />
  </ItemGroup>
</Project>